
Microsoft Visual Studio Solution File, Format Version 12.00
# Visual Studio Version 17
VisualStudioVersion = 17.3.32922.545
MinimumVisualStudioVersion = 10.0.40219.1
Project("{FAE04EC0-301F-11D3-BF4B-00C04F79EFBC}") = "veritabanı", "veritabanı\veritabanı.csproj", "{E1DCAA6C-F29D-4FBE-AE8C-146FF254E516}"
EndProject
Global
	GlobalSection(SolutionConfigurationPlatforms) = preSolution
		Debug|Any CPU = Debug|Any CPU
		Release|Any CPU = Release|Any CPU
	EndGlobalSection
	GlobalSection(ProjectConfigurationPlatforms) = postSolution
		{E1DCAA6C-F29D-4FBE-AE8C-146FF254E516}.Debug|Any CPU.ActiveCfg = Debug|Any CPU
		{E1DCAA6C-F29D-4FBE-AE8C-146FF254E516}.Debug|Any CPU.Build.0 = Debug|Any CPU
		{E1DCAA6C-F29D-4FBE-AE8C-146FF254E516}.Release|Any CPU.ActiveCfg = Release|Any CPU
		{E1DCAA6C-F29D-4FBE-AE8C-146FF254E516}.Release|Any CPU.Build.0 = Release|Any CPU
	EndGlobalSection
	GlobalSection(SolutionProperties) = preSolution
		HideSolutionNode = FALSE
	EndGlobalSection
	GlobalSection(ExtensibilityGlobals) = postSolution
		SolutionGuid = {22512E77-3E58-4F5E-8540-2EDF6F2248B1}
	EndGlobalSection
EndGlobal
